// !$*UTF8*$!
{
	archiveVersion = 1;
	classes = {
	};
	objectVersion = 46;
	objects = {

/* Begin PBXBuildFile section */
		3C6FF7081C06C43500E36A05 /* main.m in Sources */ = {isa = PBXBuildFile; fileRef = 3C6FF7071C06C43500E36A05 /* main.m */; };
		3C6FF70B1C06C43500E36A05 /* AppDelegate.m in Sources */ = {isa = PBXBuildFile; fileRef = 3C6FF70A1C06C43500E36A05 /* AppDelegate.m */; };
		3C6FF7111C06C43500E36A05 /* Main.storyboard in Resources */ = {isa = PBXBuildFile; fileRef = 3C6FF70F1C06C43500E36A05 /* Main.storyboard */; };
		3C6FF7131C06C43500E36A05 /* Assets.xcassets in Resources */ = {isa = PBXBuildFile; fileRef = 3C6FF7121C06C43500E36A05 /* Assets.xcassets */; };
		3C6FF7161C06C43500E36A05 /* LaunchScreen.storyboard in Resources */ = {isa = PBXBuildFile; fileRef = 3C6FF7141C06C43500E36A05 /* LaunchScreen.storyboard */; };
		3C6FF71F1C06D2D600E36A05 /* Flickr.m in Sources */ = {isa = PBXBuildFile; fileRef = 3C6FF71E1C06D2D600E36A05 /* Flickr.m */; };
		3C6FF7471C06FAD900E36A05 /* SystemConfiguration.framework in Frameworks */ = {isa = PBXBuildFile; fileRef = 3C6FF7461C06FAD900E36A05 /* SystemConfiguration.framework */; };
		3C6FF7491C06FAF200E36A05 /* Security.framework in Frameworks */ = {isa = PBXBuildFile; fileRef = 3C6FF7481C06FAF200E36A05 /* Security.framework */; };
		3CD6C4601C0A451900EDA76A /* FlickrSignatureProvider.m in Sources */ = {isa = PBXBuildFile; fileRef = 3CD6C45F1C0A451900EDA76A /* FlickrSignatureProvider.m */; };
		3CD6C4631C0A57DA00EDA76A /* AuthorizationViewController.m in Sources */ = {isa = PBXBuildFile; fileRef = 3CD6C4621C0A57DA00EDA76A /* AuthorizationViewController.m */; };
		3CD6C4661C0ACDD000EDA76A /* InterestingPhotosTableViewController.m in Sources */ = {isa = PBXBuildFile; fileRef = 3CD6C4651C0ACDD000EDA76A /* InterestingPhotosTableViewController.m */; };
		3CD6C46A1C0ACF1400EDA76A /* Photo.m in Sources */ = {isa = PBXBuildFile; fileRef = 3CD6C4691C0ACF1400EDA76A /* Photo.m */; };
		3CD6C46D1C0AD08200EDA76A /* NSString+URLEncoding.m in Sources */ = {isa = PBXBuildFile; fileRef = 3CD6C46C1C0AD08200EDA76A /* NSString+URLEncoding.m */; };
		3CD6C4701C0AD38200EDA76A /* Base64Transcoder.c in Sources */ = {isa = PBXBuildFile; fileRef = 3CD6C46E1C0AD38200EDA76A /* Base64Transcoder.c */; };
		3CD6C4731C0AEE5C00EDA76A /* ImageDownloader.m in Sources */ = {isa = PBXBuildFile; fileRef = 3CD6C4721C0AEE5C00EDA76A /* ImageDownloader.m */; };
		3CD6C4761C0B1F5800EDA76A /* DetailPhotoViewController.m in Sources */ = {isa = PBXBuildFile; fileRef = 3CD6C4751C0B1F5800EDA76A /* DetailPhotoViewController.m */; };
		FA2D520F68B3A55C9FB0026E /* libPods-FlickrFetcher.a in Frameworks */ = {isa = PBXBuildFile; fileRef = 8D766C50972945B8F0D0C28B /* libPods-FlickrFetcher.a */; };
/* End PBXBuildFile section */

/* Begin PBXFileReference section */
		01C7956317DD6863673E7686 /* Pods-FlickrFetcher.release.xcconfig */ = {isa = PBXFileReference; includeInIndex = 1; lastKnownFileType = text.xcconfig; name = "Pods-FlickrFetcher.release.xcconfig"; path = "Pods/Target Support Files/Pods-FlickrFetcher/Pods-FlickrFetcher.release.xcconfig"; sourceTree = "<group>"; };
		1E05FE181F958EF95E628E93 /* Pods-FlickrFetcher.debug.xcconfig */ = {isa = PBXFileReference; includeInIndex = 1; lastKnownFileType = text.xcconfig; name = "Pods-FlickrFetcher.debug.xcconfig"; path = "Pods/Target Support Files/Pods-FlickrFetcher/Pods-FlickrFetcher.debug.xcconfig"; sourceTree = "<group>"; };
		3C6FF7031C06C43500E36A05 /* FlickrFetcher.app */ = {isa = PBXFileReference; explicitFileType = wrapper.application; includeInIndex = 0; path = FlickrFetcher.app; sourceTree = BUILT_PRODUCTS_DIR; };
		3C6FF7071C06C43500E36A05 /* main.m */ = {isa = PBXFileReference; lastKnownFileType = sourcecode.c.objc; path = main.m; sourceTree = "<group>"; };
		3C6FF7091C06C43500E36A05 /* AppDelegate.h */ = {isa = PBXFileReference; lastKnownFileType = sourcecode.c.h; path = AppDelegate.h; sourceTree = "<group>"; };
		3C6FF70A1C06C43500E36A05 /* AppDelegate.m */ = {isa = PBXFileReference; lastKnownFileType = sourcecode.c.objc; path = AppDelegate.m; sourceTree = "<group>"; };
		3C6FF7101C06C43500E36A05 /* Base */ = {isa = PBXFileReference; lastKnownFileType = file.storyboard; name = Base; path = Base.lproj/Main.storyboard; sourceTree = "<group>"; };
		3C6FF7121C06C43500E36A05 /* Assets.xcassets */ = {isa = PBXFileReference; lastKnownFileType = folder.assetcatalog; path = Assets.xcassets; sourceTree = "<group>"; };
		3C6FF7151C06C43500E36A05 /* Base */ = {isa = PBXFileReference; lastKnownFileType = file.storyboard; name = Base; path = Base.lproj/LaunchScreen.storyboard; sourceTree = "<group>"; };
		3C6FF7171C06C43500E36A05 /* Info.plist */ = {isa = PBXFileReference; lastKnownFileType = text.plist.xml; path = Info.plist; sourceTree = "<group>"; };
		3C6FF71D1C06D2D600E36A05 /* Flickr.h */ = {isa = PBXFileReference; fileEncoding = 4; lastKnownFileType = sourcecode.c.h; path = Flickr.h; sourceTree = "<group>"; };
		3C6FF71E1C06D2D600E36A05 /* Flickr.m */ = {isa = PBXFileReference; fileEncoding = 4; lastKnownFileType = sourcecode.c.objc; path = Flickr.m; sourceTree = "<group>"; };
		3C6FF7321C06EB7500E36A05 /* libcommonCrypto.tbd */ = {isa = PBXFileReference; lastKnownFileType = "sourcecode.text-based-dylib-definition"; name = libcommonCrypto.tbd; path = usr/lib/system/libcommonCrypto.tbd; sourceTree = SDKROOT; };
		3C6FF7461C06FAD900E36A05 /* SystemConfiguration.framework */ = {isa = PBXFileReference; lastKnownFileType = wrapper.framework; name = SystemConfiguration.framework; path = System/Library/Frameworks/SystemConfiguration.framework; sourceTree = SDKROOT; };
		3C6FF7481C06FAF200E36A05 /* Security.framework */ = {isa = PBXFileReference; lastKnownFileType = wrapper.framework; name = Security.framework; path = System/Library/Frameworks/Security.framework; sourceTree = SDKROOT; };
		3C6FF74A1C06FB3900E36A05 /* libcorecrypto.tbd */ = {isa = PBXFileReference; lastKnownFileType = "sourcecode.text-based-dylib-definition"; name = libcorecrypto.tbd; path = usr/lib/system/libcorecrypto.tbd; sourceTree = SDKROOT; };
		3CD6C45E1C0A451900EDA76A /* FlickrSignatureProvider.h */ = {isa = PBXFileReference; fileEncoding = 4; lastKnownFileType = sourcecode.c.h; path = FlickrSignatureProvider.h; sourceTree = "<group>"; };
		3CD6C45F1C0A451900EDA76A /* FlickrSignatureProvider.m */ = {isa = PBXFileReference; fileEncoding = 4; lastKnownFileType = sourcecode.c.objc; path = FlickrSignatureProvider.m; sourceTree = "<group>"; };
		3CD6C4611C0A57DA00EDA76A /* AuthorizationViewController.h */ = {isa = PBXFileReference; fileEncoding = 4; lastKnownFileType = sourcecode.c.h; path = AuthorizationViewController.h; sourceTree = "<group>"; };
		3CD6C4621C0A57DA00EDA76A /* AuthorizationViewController.m */ = {isa = PBXFileReference; fileEncoding = 4; lastKnownFileType = sourcecode.c.objc; path = AuthorizationViewController.m; sourceTree = "<group>"; };
		3CD6C4641C0ACDD000EDA76A /* InterestingPhotosTableViewController.h */ = {isa = PBXFileReference; fileEncoding = 4; lastKnownFileType = sourcecode.c.h; path = InterestingPhotosTableViewController.h; sourceTree = "<group>"; };
		3CD6C4651C0ACDD000EDA76A /* InterestingPhotosTableViewController.m */ = {isa = PBXFileReference; fileEncoding = 4; lastKnownFileType = sourcecode.c.objc; path = InterestingPhotosTableViewController.m; sourceTree = "<group>"; };
		3CD6C4681C0ACF1400EDA76A /* Photo.h */ = {isa = PBXFileReference; fileEncoding = 4; lastKnownFileType = sourcecode.c.h; path = Photo.h; sourceTree = "<group>"; };
		3CD6C4691C0ACF1400EDA76A /* Photo.m */ = {isa = PBXFileReference; fileEncoding = 4; lastKnownFileType = sourcecode.c.objc; path = Photo.m; sourceTree = "<group>"; };
		3CD6C46B1C0AD08200EDA76A /* NSString+URLEncoding.h */ = {isa = PBXFileReference; fileEncoding = 4; lastKnownFileType = sourcecode.c.h; path = "NSString+URLEncoding.h"; sourceTree = "<group>"; };
		3CD6C46C1C0AD08200EDA76A /* NSString+URLEncoding.m */ = {isa = PBXFileReference; fileEncoding = 4; lastKnownFileType = sourcecode.c.objc; path = "NSString+URLEncoding.m"; sourceTree = "<group>"; };
		3CD6C46E1C0AD38200EDA76A /* Base64Transcoder.c */ = {isa = PBXFileReference; fileEncoding = 4; lastKnownFileType = sourcecode.c.c; path = Base64Transcoder.c; sourceTree = "<group>"; };
		3CD6C46F1C0AD38200EDA76A /* Base64Transcoder.h */ = {isa = PBXFileReference; fileEncoding = 4; lastKnownFileType = sourcecode.c.h; path = Base64Transcoder.h; sourceTree = "<group>"; };
		3CD6C4711C0AEE5C00EDA76A /* ImageDownloader.h */ = {isa = PBXFileReference; fileEncoding = 4; lastKnownFileType = sourcecode.c.h; path = ImageDownloader.h; sourceTree = "<group>"; };
		3CD6C4721C0AEE5C00EDA76A /* ImageDownloader.m */ = {isa = PBXFileReference; fileEncoding = 4; lastKnownFileType = sourcecode.c.objc; path = ImageDownloader.m; sourceTree = "<group>"; };
		3CD6C4741C0B1F5800EDA76A /* DetailPhotoViewController.h */ = {isa = PBXFileReference; fileEncoding = 4; lastKnownFileType = sourcecode.c.h; path = DetailPhotoViewController.h; sourceTree = "<group>"; };
		3CD6C4751C0B1F5800EDA76A /* DetailPhotoViewController.m */ = {isa = PBXFileReference; fileEncoding = 4; lastKnownFileType = sourcecode.c.objc; path = DetailPhotoViewController.m; sourceTree = "<group>"; };
		8D766C50972945B8F0D0C28B /* libPods-FlickrFetcher.a */ = {isa = PBXFileReference; explicitFileType = archive.ar; includeInIndex = 0; path = "libPods-FlickrFetcher.a"; sourceTree = BUILT_PRODUCTS_DIR; };
/* End PBXFileReference section */

/* Begin PBXFrameworksBuildPhase section */
		3C6FF7001C06C43500E36A05 /* Frameworks */ = {
			isa = PBXFrameworksBuildPhase;
			buildActionMask = 2147483647;
			files = (
				3C6FF7491C06FAF200E36A05 /* Security.framework in Frameworks */,
				3C6FF7471C06FAD900E36A05 /* SystemConfiguration.framework in Frameworks */,
				FA2D520F68B3A55C9FB0026E /* libPods-FlickrFetcher.a in Frameworks */,
			);
			runOnlyForDeploymentPostprocessing = 0;
		};
/* End PBXFrameworksBuildPhase section */

/* Begin PBXGroup section */
		2C1C4C0F7DA7D9487C49BC15 /* Pods */ = {
			isa = PBXGroup;
			children = (
				1E05FE181F958EF95E628E93 /* Pods-FlickrFetcher.debug.xcconfig */,
				01C7956317DD6863673E7686 /* Pods-FlickrFetcher.release.xcconfig */,
			);
			name = Pods;
			sourceTree = "<group>";
		};
		3C6FF6FA1C06C43500E36A05 = {
			isa = PBXGroup;
			children = (
				3C6FF7051C06C43500E36A05 /* FlickrFetcher */,
				3C6FF7041C06C43500E36A05 /* Products */,
				2C1C4C0F7DA7D9487C49BC15 /* Pods */,
				537DCEF9C2D2AE3368714370 /* Frameworks */,
			);
			sourceTree = "<group>";
		};
		3C6FF7041C06C43500E36A05 /* Products */ = {
			isa = PBXGroup;
			children = (
				3C6FF7031C06C43500E36A05 /* FlickrFetcher.app */,
			);
			name = Products;
			sourceTree = "<group>";
		};
		3C6FF7051C06C43500E36A05 /* FlickrFetcher */ = {
			isa = PBXGroup;
			children = (
				3CD6C4671C0ACEFC00EDA76A /* Model */,
				3C6FF7201C06D2DF00E36A05 /* OAuth */,
				3C6FF70F1C06C43500E36A05 /* Main.storyboard */,
				3C6FF7061C06C43500E36A05 /* Supporting Files */,
				3CD6C4611C0A57DA00EDA76A /* AuthorizationViewController.h */,
				3CD6C4621C0A57DA00EDA76A /* AuthorizationViewController.m */,
				3CD6C4641C0ACDD000EDA76A /* InterestingPhotosTableViewController.h */,
				3CD6C4651C0ACDD000EDA76A /* InterestingPhotosTableViewController.m */,
				3CD6C4741C0B1F5800EDA76A /* DetailPhotoViewController.h */,
				3CD6C4751C0B1F5800EDA76A /* DetailPhotoViewController.m */,
			);
			path = FlickrFetcher;
			sourceTree = "<group>";
		};
		3C6FF7061C06C43500E36A05 /* Supporting Files */ = {
			isa = PBXGroup;
			children = (
				3C6FF7091C06C43500E36A05 /* AppDelegate.h */,
				3C6FF70A1C06C43500E36A05 /* AppDelegate.m */,
				3C6FF7121C06C43500E36A05 /* Assets.xcassets */,
				3C6FF7141C06C43500E36A05 /* LaunchScreen.storyboard */,
				3C6FF7171C06C43500E36A05 /* Info.plist */,
				3C6FF7071C06C43500E36A05 /* main.m */,
			);
			name = "Supporting Files";
			sourceTree = "<group>";
		};
		3C6FF7201C06D2DF00E36A05 /* OAuth */ = {
			isa = PBXGroup;
			children = (
				3CD6C46E1C0AD38200EDA76A /* Base64Transcoder.c */,
				3CD6C46F1C0AD38200EDA76A /* Base64Transcoder.h */,
				3CD6C46B1C0AD08200EDA76A /* NSString+URLEncoding.h */,
				3CD6C46C1C0AD08200EDA76A /* NSString+URLEncoding.m */,
				3C6FF71D1C06D2D600E36A05 /* Flickr.h */,
				3C6FF71E1C06D2D600E36A05 /* Flickr.m */,
				3CD6C45E1C0A451900EDA76A /* FlickrSignatureProvider.h */,
				3CD6C45F1C0A451900EDA76A /* FlickrSignatureProvider.m */,
			);
			name = OAuth;
			sourceTree = "<group>";
		};
		3CD6C4671C0ACEFC00EDA76A /* Model */ = {
			isa = PBXGroup;
			children = (
				3CD6C4681C0ACF1400EDA76A /* Photo.h */,
				3CD6C4691C0ACF1400EDA76A /* Photo.m */,
				3CD6C4711C0AEE5C00EDA76A /* ImageDownloader.h */,
				3CD6C4721C0AEE5C00EDA76A /* ImageDownloader.m */,
			);
			name = Model;
			sourceTree = "<group>";
		};
		537DCEF9C2D2AE3368714370 /* Frameworks */ = {
			isa = PBXGroup;
			children = (
				3C6FF74A1C06FB3900E36A05 /* libcorecrypto.tbd */,
				3C6FF7481C06FAF200E36A05 /* Security.framework */,
				3C6FF7461C06FAD900E36A05 /* SystemConfiguration.framework */,
				3C6FF7321C06EB7500E36A05 /* libcommonCrypto.tbd */,
				8D766C50972945B8F0D0C28B /* libPods-FlickrFetcher.a */,
			);
			name = Frameworks;
			sourceTree = "<group>";
		};
/* End PBXGroup section */

/* Begin PBXNativeTarget section */
		3C6FF7021C06C43500E36A05 /* FlickrFetcher */ = {
			isa = PBXNativeTarget;
			buildConfigurationList = 3C6FF71A1C06C43500E36A05 /* Build configuration list for PBXNativeTarget "FlickrFetcher" */;
			buildPhases = (
				15BFC9BDF31ED65E6975AB04 /* Check Pods Manifest.lock */,
				3C6FF6FF1C06C43500E36A05 /* Sources */,
				3C6FF7001C06C43500E36A05 /* Frameworks */,
				3C6FF7011C06C43500E36A05 /* Resources */,
				C2D5D47BC544741895A152C2 /* Embed Pods Frameworks */,
				DFA1E95FE2080D449FBB6559 /* Copy Pods Resources */,
			);
			buildRules = (
			);
			dependencies = (
			);
			name = FlickrFetcher;
			productName = FlickrFetcher;
			productReference = 3C6FF7031C06C43500E36A05 /* FlickrFetcher.app */;
			productType = "com.apple.product-type.application";
		};
/* End PBXNativeTarget section */

/* Begin PBXProject section */
		3C6FF6FB1C06C43500E36A05 /* Project object */ = {
			isa = PBXProject;
			attributes = {
				LastUpgradeCheck = 0710;
				ORGANIZATIONNAME = Rachit;
				TargetAttributes = {
					3C6FF7021C06C43500E36A05 = {
						CreatedOnToolsVersion = 7.1;
						DevelopmentTeam = YTSGFC7ZK8;
					};
				};
			};
			buildConfigurationList = 3C6FF6FE1C06C43500E36A05 /* Build configuration list for PBXProject "FlickrFetcher" */;
			compatibilityVersion = "Xcode 3.2";
			developmentRegion = English;
			hasScannedForEncodings = 0;
			knownRegions = (
				en,
				Base,
			);
			mainGroup = 3C6FF6FA1C06C43500E36A05;
			productRefGroup = 3C6FF7041C06C43500E36A05 /* Products */;
			projectDirPath = "";
			projectRoot = "";
			targets = (
				3C6FF7021C06C43500E36A05 /* FlickrFetcher */,
			);
		};
/* End PBXProject section */

/* Begin PBXResourcesBuildPhase section */
		3C6FF7011C06C43500E36A05 /* Resources */ = {
			isa = PBXResourcesBuildPhase;
			buildActionMask = 2147483647;
			files = (
				3C6FF7161C06C43500E36A05 /* LaunchScreen.storyboard in Resources */,
				3C6FF7131C06C43500E36A05 /* Assets.xcassets in Resources */,
				3C6FF7111C06C43500E36A05 /* Main.storyboard in Resources */,
			);
			runOnlyForDeploymentPostprocessing = 0;
		};
/* End PBXResourcesBuildPhase section */

/* Begin PBXShellScriptBuildPhase section */
		15BFC9BDF31ED65E6975AB04 /* Check Pods Manifest.lock */ = {
			isa = PBXShellScriptBuildPhase;
			buildActionMask = 2147483647;
			files = (
			);
			inputPaths = (
			);
			name = "Check Pods Manifest.lock";
			outputPaths = (
			);
			runOnlyForDeploymentPostprocessing = 0;
			shellPath = /bin/sh;
			shellScript = "diff \"${PODS_ROOT}/../Podfile.lock\" \"${PODS_ROOT}/Manifest.lock\" > /dev/null\nif [[ $? != 0 ]] ; then\n    cat << EOM\nerror: The sandbox is not in sync with the Podfile.lock. Run 'pod install' or update your CocoaPods installation.\nEOM\n    exit 1\nfi\n";
			showEnvVarsInLog = 0;
		};
		C2D5D47BC544741895A152C2 /* Embed Pods Frameworks */ = {
			isa = PBXShellScriptBuildPhase;
			buildActionMask = 2147483647;
			files = (
			);
			inputPaths = (
			);
			name = "Embed Pods Frameworks";
			outputPaths = (
			);
			runOnlyForDeploymentPostprocessing = 0;
			shellPath = /bin/sh;
			shellScript = "\"${SRCROOT}/Pods/Target Support Files/Pods-FlickrFetcher/Pods-FlickrFetcher-frameworks.sh\"\n";
			showEnvVarsInLog = 0;
		};
		DFA1E95FE2080D449FBB6559 /* Copy Pods Resources */ = {
			isa = PBXShellScriptBuildPhase;
			buildActionMask = 2147483647;
			files = (
			);
			inputPaths = (
			);
			name = "Copy Pods Resources";
			outputPaths = (
			);
			runOnlyForDeploymentPostprocessing = 0;
			shellPath = /bin/sh;
			shellScript = "\"${SRCROOT}/Pods/Target Support Files/Pods-FlickrFetcher/Pods-FlickrFetcher-resources.sh\"\n";
			showEnvVarsInLog = 0;
		};
/* End PBXShellScriptBuildPhase section */

/* Begin PBXSourcesBuildPhase section */
		3C6FF6FF1C06C43500E36A05 /* Sources */ = {
			isa = PBXSourcesBuildPhase;
			buildActionMask = 2147483647;
			files = (
				3CD6C46A1C0ACF1400EDA76A /* Photo.m in Sources */,
				3C6FF70B1C06C43500E36A05 /* AppDelegate.m in Sources */,
				3CD6C4761C0B1F5800EDA76A /* DetailPhotoViewController.m in Sources */,
				3CD6C4731C0AEE5C00EDA76A /* ImageDownloader.m in Sources */,
				3CD6C4661C0ACDD000EDA76A /* InterestingPhotosTableViewController.m in Sources */,
				3CD6C4631C0A57DA00EDA76A /* AuthorizationViewController.m in Sources */,
				3C6FF71F1C06D2D600E36A05 /* Flickr.m in Sources */,
				3C6FF7081C06C43500E36A05 /* main.m in Sources */,
				3CD6C46D1C0AD08200EDA76A /* NSString+URLEncoding.m in Sources */,
				3CD6C4701C0AD38200EDA76A /* Base64Transcoder.c in Sources */,
				3CD6C4601C0A451900EDA76A /* FlickrSignatureProvider.m in Sources */,
			);
			runOnlyForDeploymentPostprocessing = 0;
		};
/* End PBXSourcesBuildPhase section */

/* Begin PBXVariantGroup section */
		3C6FF70F1C06C43500E36A05 /* Main.storyboard */ = {
			isa = PBXVariantGroup;
			children = (
				3C6FF7101C06C43500E36A05 /* Base */,
			);
			name = Main.storyboard;
			sourceTree = "<group>";
		};
		3C6FF7141C06C43500E36A05 /* LaunchScreen.storyboard */ = {
			isa = PBXVariantGroup;
			children = (
				3C6FF7151C06C43500E36A05 /* Base */,
			);
			name = LaunchScreen.storyboard;
			sourceTree = "<group>";
		};
/* End PBXVariantGroup section */

/* Begin XCBuildConfiguration section */
		3C6FF7181C06C43500E36A05 /* Debug */ = {
			isa = XCBuildConfiguration;
			buildSettings = {
				ALWAYS_SEARCH_USER_PATHS = NO;
				CLANG_CXX_LANGUAGE_STANDARD = "gnu++0x";
				CLANG_CXX_LIBRARY = "libc++";
				CLANG_ENABLE_MODULES = YES;
				CLANG_ENABLE_OBJC_ARC = YES;
				CLANG_WARN_BOOL_CONVERSION = YES;
				CLANG_WARN_CONSTANT_CONVERSION = YES;
				CLANG_WARN_DIRECT_OBJC_ISA_USAGE = YES_ERROR;
				CLANG_WARN_EMPTY_BODY = YES;
				CLANG_WARN_ENUM_CONVERSION = YES;
				CLANG_WARN_INT_CONVERSION = YES;
				CLANG_WARN_OBJC_ROOT_CLASS = YES_ERROR;
				CLANG_WARN_UNREACHABLE_CODE = YES;
				CLANG_WARN__DUPLICATE_METHOD_MATCH = YES;
				"CODE_SIGN_IDENTITY[sdk=iphoneos*]" = "iPhone Developer";
				COPY_PHASE_STRIP = NO;
				DEBUG_INFORMATION_FORMAT = dwarf;
				ENABLE_STRICT_OBJC_MSGSEND = YES;
				ENABLE_TESTABILITY = YES;
				GCC_C_LANGUAGE_STANDARD = gnu99;
				GCC_DYNAMIC_NO_PIC = NO;
				GCC_NO_COMMON_BLOCKS = YES;
				GCC_OPTIMIZATION_LEVEL = 0;
				GCC_PREPROCESSOR_DEFINITIONS = (
					"DEBUG=1",
					"$(inherited)",
				);
				GCC_WARN_64_TO_32_BIT_CONVERSION = YES;
				GCC_WARN_ABOUT_RETURN_TYPE = YES_ERROR;
				GCC_WARN_UNDECLARED_SELECTOR = YES;
				GCC_WARN_UNINITIALIZED_AUTOS = YES_AGGRESSIVE;
				GCC_WARN_UNUSED_FUNCTION = YES;
				GCC_WARN_UNUSED_VARIABLE = YES;
				IPHONEOS_DEPLOYMENT_TARGET = 9.1;
				MTL_ENABLE_DEBUG_INFO = YES;
				ONLY_ACTIVE_ARCH = YES;
				SDKROOT = iphoneos;
			};
			name = Debug;
		};
		3C6FF7191C06C43500E36A05 /* Release */ = {
			isa = XCBuildConfiguration;
			buildSettings = {
				ALWAYS_SEARCH_USER_PATHS = NO;
				CLANG_CXX_LANGUAGE_STANDARD = "gnu++0x";
				CLANG_CXX_LIBRARY = "libc++";
				CLANG_ENABLE_MODULES = YES;
				CLANG_ENABLE_OBJC_ARC = YES;
				CLANG_WARN_BOOL_CONVERSION = YES;
				CLANG_WARN_CONSTANT_CONVERSION = YES;
				CLANG_WARN_DIRECT_OBJC_ISA_USAGE = YES_ERROR;
				CLANG_WARN_EMPTY_BODY = YES;
				CLANG_WARN_ENUM_CONVERSION = YES;
				CLANG_WARN_INT_CONVERSION = YES;
				CLANG_WARN_OBJC_ROOT_CLASS = YES_ERROR;
				CLANG_WARN_UNREACHABLE_CODE = YES;
				CLANG_WARN__DUPLICATE_METHOD_MATCH = YES;
				"CODE_SIGN_IDENTITY[sdk=iphoneos*]" = "iPhone Developer";
				COPY_PHASE_STRIP = NO;
				DEBUG_INFORMATION_FORMAT = "dwarf-with-dsym";
				ENABLE_NS_ASSERTIONS = NO;
				ENABLE_STRICT_OBJC_MSGSEND = YES;
				GCC_C_LANGUAGE_STANDARD = gnu99;
				GCC_NO_COMMON_BLOCKS = YES;
				GCC_WARN_64_TO_32_BIT_CONVERSION = YES;
				GCC_WARN_ABOUT_RETURN_TYPE = YES_ERROR;
				GCC_WARN_UNDECLARED_SELECTOR = YES;
				GCC_WARN_UNINITIALIZED_AUTOS = YES_AGGRESSIVE;
				GCC_WARN_UNUSED_FUNCTION = YES;
				GCC_WARN_UNUSED_VARIABLE = YES;
				IPHONEOS_DEPLOYMENT_TARGET = 9.1;
				MTL_ENABLE_DEBUG_INFO = NO;
				SDKROOT = iphoneos;
				VALIDATE_PRODUCT = YES;
			};
			name = Release;
		};
		3C6FF71B1C06C43500E36A05 /* Debug */ = {
			isa = XCBuildConfiguration;
			baseConfigurationReference = 1E05FE181F958EF95E628E93 /* Pods-FlickrFetcher.debug.xcconfig */;
			buildSettings = {
				ASSETCATALOG_COMPILER_APPICON_NAME = AppIcon;
				INFOPLIST_FILE = FlickrFetcher/Info.plist;
				LD_RUNPATH_SEARCH_PATHS = "$(inherited) @executable_path/Frameworks";
				LIBRARY_SEARCH_PATHS = (
					"$(inherited)",
					"$(SDKROOT)/usr/lib/system",
				);
				PRODUCT_BUNDLE_IDENTIFIER = rachit.FlickrFetcher;
				PRODUCT_NAME = "$(TARGET_NAME)";
			};
			name = Debug;
		};
		3C6FF71C1C06C43500E36A05 /* Release */ = {
			isa = XCBuildConfiguration;
			baseConfigurationReference = 01C7956317DD6863673E7686 /* Pods-FlickrFetcher.release.xcconfig */;
			buildSettings = {
				ASSETCATALOG_COMPILER_APPICON_NAME = AppIcon;
				INFOPLIST_FILE = FlickrFetcher/Info.plist;
				LD_RUNPATH_SEARCH_PATHS = "$(inherited) @executable_path/Frameworks";
				LIBRARY_SEARCH_PATHS = (
					"$(inherited)",
					"$(SDKROOT)/usr/lib/system",
				);
				PRODUCT_BUNDLE_IDENTIFIER = rachit.FlickrFetcher;
				PRODUCT_NAME = "$(TARGET_NAME)";
			};
			name = Release;
		};
/* End XCBuildConfiguration section */

/* Begin XCConfigurationList section */
		3C6FF6FE1C06C43500E36A05 /* Build configuration list for PBXProject "FlickrFetcher" */ = {
			isa = XCConfigurationList;
			buildConfigurations = (
				3C6FF7181C06C43500E36A05 /* Debug */,
				3C6FF7191C06C43500E36A05 /* Release */,
			);
			defaultConfigurationIsVisible = 0;
			defaultConfigurationName = Release;
		};
		3C6FF71A1C06C43500E36A05 /* Build configuration list for PBXNativeTarget "FlickrFetcher" */ = {
			isa = XCConfigurationList;
			buildConfigurations = (
				3C6FF71B1C06C43500E36A05 /* Debug */,
				3C6FF71C1C06C43500E36A05 /* Release */,
			);
			defaultConfigurationIsVisible = 0;
			defaultConfigurationName = Release;
		};
/* End XCConfigurationList section */
	};
	rootObject = 3C6FF6FB1C06C43500E36A05 /* Project object */;
}
